
Microsoft Visual Studio Solution File, Format Version 12.00
# Visual Studio Version 17
VisualStudioVersion = 17.0.31903.59
MinimumVisualStudioVersion = 10.0.40219.1
Project("{FAE04EC0-301F-11D3-BF4B-00C04F79EFBC}") = "TodoListAPI", "TodoListAPI\TodoListAPI.csproj", "{5B26DBC1-8EA4-4DA3-8296-040F60B2B5BE}"
EndProject
Project("{FAE04EC0-301F-11D3-BF4B-00C04F79EFBC}") = "TodoListAPI.Tests", "TodoListAPITests\TodoListAPI.Tests.csproj", "{894998CA-D6E7-4A50-AC99-39B38586177A}"
EndProject
Global
	GlobalSection(SolutionConfigurationPlatforms) = preSolution
		Debug|Any CPU = Debug|Any CPU
		Release|Any CPU = Release|Any CPU
	EndGlobalSection
	GlobalSection(ProjectConfigurationPlatforms) = postSolution
		{5B26DBC1-8EA4-4DA3-8296-040F60B2B5BE}.Debug|Any CPU.ActiveCfg = Debug|Any CPU
		{5B26DBC1-8EA4-4DA3-8296-040F60B2B5BE}.Debug|Any CPU.Build.0 = Debug|Any CPU
		{5B26DBC1-8EA4-4DA3-8296-040F60B2B5BE}.Release|Any CPU.ActiveCfg = Release|Any CPU
		{5B26DBC1-8EA4-4DA3-8296-040F60B2B5BE}.Release|Any CPU.Build.0 = Release|Any CPU
		{894998CA-D6E7-4A50-AC99-39B38586177A}.Debug|Any CPU.ActiveCfg = Debug|Any CPU
		{894998CA-D6E7-4A50-AC99-39B38586177A}.Debug|Any CPU.Build.0 = Debug|Any CPU
		{894998CA-D6E7-4A50-AC99-39B38586177A}.Release|Any CPU.ActiveCfg = Release|Any CPU
		{894998CA-D6E7-4A50-AC99-39B38586177A}.Release|Any CPU.Build.0 = Release|Any CPU
	EndGlobalSection
	GlobalSection(SolutionProperties) = preSolution
		HideSolutionNode = FALSE
	EndGlobalSection
EndGlobal
